
Microsoft Visual Studio Solution File, Format Version 12.00
# Visual Studio Version 16
VisualStudioVersion = 25.0.1706.9
MinimumVisualStudioVersion = 10.0.40219.1
Project("{FAE04EC0-301F-11D3-BF4B-00C04F79EFBC}") = "bac59046-5c60-4755-9869-64d39c2d4502", "bac59046-5c60-4755-9869-64d39c2d4502\bac59046-5c60-4755-9869-64d39c2d4502.csproj", "{25D9DADA-AF06-4E42-B166-B9EE6594BA5A}"
EndProject
Global
	GlobalSection(SolutionConfigurationPlatforms) = preSolution
		Debug|Any CPU = Debug|Any CPU
		Release|Any CPU = Release|Any CPU
	EndGlobalSection
	GlobalSection(ProjectConfigurationPlatforms) = postSolution
		{25D9DADA-AF06-4E42-B166-B9EE6594BA5A}.Debug|Any CPU.ActiveCfg = Debug|Any CPU
		{25D9DADA-AF06-4E42-B166-B9EE6594BA5A}.Debug|Any CPU.Build.0 = Debug|Any CPU
		{25D9DADA-AF06-4E42-B166-B9EE6594BA5A}.Release|Any CPU.ActiveCfg = Release|Any CPU
		{25D9DADA-AF06-4E42-B166-B9EE6594BA5A}.Release|Any CPU.Build.0 = Release|Any CPU
	EndGlobalSection
	GlobalSection(SolutionProperties) = preSolution
		HideSolutionNode = FALSE
	EndGlobalSection
	GlobalSection(ExtensibilityGlobals) = postSolution
		SolutionGuid = {89A06CE9-D896-41A8-9EAA-E2C33DDEAB02}
	EndGlobalSection
EndGlobal
