
Microsoft Visual Studio Solution File, Format Version 12.00
# Visual Studio Version 16
VisualStudioVersion = 25.0.1706.9
MinimumVisualStudioVersion = 10.0.40219.1
Project("{FAE04EC0-301F-11D3-BF4B-00C04F79EFBC}") = "bac59046-5c60-4755-9869-64d39c2d4502", "bac59046-5c60-4755-9869-64d39c2d4502.csproj", "{E4DAB398-A3ED-4E69-869D-F3A9F3A1C0B4}"
EndProject
Project("{FAE04EC0-301F-11D3-BF4B-00C04F79EFBC}") = "UnitTests", "..\UnitTests\UnitTests.csproj", "{0AA20589-FD00-4C7E-8E6D-7B4622B50686}"
EndProject
Global
	GlobalSection(SolutionConfigurationPlatforms) = preSolution
		Debug|Any CPU = Debug|Any CPU
		Release|Any CPU = Release|Any CPU
	EndGlobalSection
	GlobalSection(ProjectConfigurationPlatforms) = postSolution
		{E4DAB398-A3ED-4E69-869D-F3A9F3A1C0B4}.Debug|Any CPU.ActiveCfg = Debug|Any CPU
		{E4DAB398-A3ED-4E69-869D-F3A9F3A1C0B4}.Debug|Any CPU.Build.0 = Debug|Any CPU
		{E4DAB398-A3ED-4E69-869D-F3A9F3A1C0B4}.Release|Any CPU.ActiveCfg = Release|Any CPU
		{E4DAB398-A3ED-4E69-869D-F3A9F3A1C0B4}.Release|Any CPU.Build.0 = Release|Any CPU
		{0AA20589-FD00-4C7E-8E6D-7B4622B50686}.Debug|Any CPU.ActiveCfg = Debug|Any CPU
		{0AA20589-FD00-4C7E-8E6D-7B4622B50686}.Debug|Any CPU.Build.0 = Debug|Any CPU
		{0AA20589-FD00-4C7E-8E6D-7B4622B50686}.Release|Any CPU.ActiveCfg = Release|Any CPU
		{0AA20589-FD00-4C7E-8E6D-7B4622B50686}.Release|Any CPU.Build.0 = Release|Any CPU
	EndGlobalSection
	GlobalSection(SolutionProperties) = preSolution
		HideSolutionNode = FALSE
	EndGlobalSection
	GlobalSection(ExtensibilityGlobals) = postSolution
		SolutionGuid = {90E232E1-4228-4117-9B90-9EF92BF2E11F}
	EndGlobalSection
EndGlobal
